<?xml version="1.0" encoding="utf-8"?>
<Project ToolsVersion="4.0" xmlns="http://schemas.microsoft.com/developer/msbuild/2003">
  <ItemGroup>
    <Filter Include="Graphics">
      <UniqueIdentifier>{04774fa3-2611-462e-b4ac-eb63ede1fa54}</UniqueIdentifier>
      <Extensions>
      </Extensions>
    </Filter>
    <Filter Include="Core">
      <UniqueIdentifier>{ebb7102b-d337-4a1e-9efe-9056393036f4}</UniqueIdentifier>
      <Extensions>
      </Extensions>
    </Filter>
    <Filter Include="Graphics\Model">
      <UniqueIdentifier>{2ffc522b-b2f4-43da-b275-4063c280c631}</UniqueIdentifier>
      <Extensions>
      </Extensions>
    </Filter>
    <Filter Include="Graphics\Shader">
      <UniqueIdentifier>{f625be2f-6378-4d6f-97fb-94a2932d39b5}</UniqueIdentifier>
      <Extensions>
      </Extensions>
    </Filter>
    <Filter Include="Graphics\Texture">
      <UniqueIdentifier>{7e11ddd5-7e55-4dfb-aa58-0423cc383dcb}</UniqueIdentifier>
    </Filter>
  </ItemGroup>
  <ItemGroup>
    <ClCompile Include="Program.cpp" />
    <ClCompile Include="Log.cpp" />
    <ClCompile Include="Mesh.cpp">
      <Filter>Graphics\Model</Filter>
    </ClCompile>
    <ClCompile Include="Model.cpp">
      <Filter>Graphics\Model</Filter>
    </ClCompile>
    <ClCompile Include="ModelFactory.cpp">
      <Filter>Graphics\Model</Filter>
    </ClCompile>
    <ClCompile Include="Shader.cpp">
      <Filter>Graphics\Shader</Filter>
    </ClCompile>
    <ClCompile Include="VertexShader.cpp">
      <Filter>Graphics\Shader</Filter>
    </ClCompile>
    <ClCompile Include="FragmentShader.cpp">
      <Filter>Graphics\Shader</Filter>
    </ClCompile>
    <ClCompile Include="ShaderProgram.cpp">
      <Filter>Graphics\Shader</Filter>
    </ClCompile>
    <ClCompile Include="ShaderFactory.cpp">
      <Filter>Graphics\Shader</Filter>
    </ClCompile>
    <ClCompile Include="TextureFactory.cpp">
      <Filter>Graphics\Texture</Filter>
    </ClCompile>
    <ClCompile Include="Texture2D.cpp">
      <Filter>Graphics\Texture</Filter>
    </ClCompile>
    <ClCompile Include="Texture.cpp">
      <Filter>Graphics\Texture</Filter>
    </ClCompile>
    <ClCompile Include="Agent.cpp">
      <Filter>Core</Filter>
    </ClCompile>
    <ClCompile Include="Enemy.cpp">
      <Filter>Core</Filter>
    </ClCompile>
    <ClCompile Include="Player.cpp">
      <Filter>Core</Filter>
    </ClCompile>
    <ClCompile Include="Weapon.cpp">
      <Filter>Core</Filter>
    </ClCompile>
    <ClCompile Include="SpaceInvaders.cpp">
      <Filter>Core</Filter>
    </ClCompile>
    <ClCompile Include="Scene.cpp">
      <Filter>Graphics</Filter>
    </ClCompile>
  </ItemGroup>
  <ItemGroup>
    <ClInclude Include="Log.hpp" />
    <ClInclude Include="Mesh.hpp">
      <Filter>Graphics\Model</Filter>
    </ClInclude>
    <ClInclude Include="Model.hpp">
      <Filter>Graphics\Model</Filter>
    </ClInclude>
    <ClInclude Include="ModelFactory.hpp">
      <Filter>Graphics\Model</Filter>
    </ClInclude>
    <ClInclude Include="IDrawable.hpp">
      <Filter>Graphics\Model</Filter>
    </ClInclude>
    <ClInclude Include="Shader.hpp">
      <Filter>Graphics\Shader</Filter>
    </ClInclude>
    <ClInclude Include="VertexShader.hpp">
      <Filter>Graphics\Shader</Filter>
    </ClInclude>
    <ClInclude Include="FragmentShader.hpp">
      <Filter>Graphics\Shader</Filter>
    </ClInclude>
    <ClInclude Include="ShaderProgram.hpp">
      <Filter>Graphics\Shader</Filter>
    </ClInclude>
    <ClInclude Include="IProgram.hpp">
      <Filter>Graphics\Shader</Filter>
    </ClInclude>
    <ClInclude Include="ShaderFactory.hpp">
      <Filter>Graphics\Shader</Filter>
    </ClInclude>
    <ClInclude Include="TextureFactory.hpp">
      <Filter>Graphics\Texture</Filter>
    </ClInclude>
    <ClInclude Include="Texture2D.hpp">
      <Filter>Graphics\Texture</Filter>
    </ClInclude>
    <ClInclude Include="Texture.hpp">
      <Filter>Graphics\Texture</Filter>
    </ClInclude>
    <ClInclude Include="Agent.hpp">
      <Filter>Core</Filter>
    </ClInclude>
    <ClInclude Include="Enemy.hpp">
      <Filter>Core</Filter>
    </ClInclude>
    <ClInclude Include="Player.hpp">
      <Filter>Core</Filter>
    </ClInclude>
    <ClInclude Include="Weapon.hpp">
      <Filter>Core</Filter>
    </ClInclude>
    <ClInclude Include="SpaceInvaders.hpp">
      <Filter>Core</Filter>
    </ClInclude>
    <ClInclude Include="Scene.hpp">
      <Filter>Graphics</Filter>
    </ClInclude>
  </ItemGroup>
</Project>